
Microsoft Visual Studio Solution File, Format Version 12.00
# Visual Studio Version 16
VisualStudioVersion = 16.0.30914.41
MinimumVisualStudioVersion = 10.0.40219.1
Project("{2150E333-8FDC-42A3-9474-1A3956D46DE8}") = "test", "test", "{30D836B3-FF29-49DC-B503-94B8F9B6DC50}"
EndProject
Project("{9A19103F-16F7-4668-BE54-9A1E7A4F7556}") = "E13.Common.Core", "src\E13.Common.Core\E13.Common.Core.csproj", "{12EF646B-00ED-4C6A-A6CF-D4C03DCFDD0A}"
EndProject
Project("{9A19103F-16F7-4668-BE54-9A1E7A4F7556}") = "E13.Common.Core.Tests", "test\E13.Common.Core.Tests\E13.Common.Core.Tests.csproj", "{C60CA223-5F6E-47BF-ACFE-66CD54F0D2DC}"
EndProject
Project("{9A19103F-16F7-4668-BE54-9A1E7A4F7556}") = "E13.Common.Nunit", "src\E13.Common.Nunit\E13.Common.Nunit.csproj", "{9BE3CA07-7395-4085-9457-1A7F7937082C}"
EndProject
Project("{9A19103F-16F7-4668-BE54-9A1E7A4F7556}") = "E13.Common.Nunit.Tests", "test\E13.Common.Nunit.Tests\E13.Common.Nunit.Tests.csproj", "{C4E41E15-6FBB-4861-84E8-B3ECA206948C}"
EndProject
Project("{9A19103F-16F7-4668-BE54-9A1E7A4F7556}") = "E13.Common.Domain", "src\E13.Common.Domain\E13.Common.Domain.csproj", "{5846560D-AF8F-4F48-B864-9F5CD7B1D2AE}"
EndProject
Project("{9A19103F-16F7-4668-BE54-9A1E7A4F7556}") = "E13.Common.Domain.Tests", "test\E13.Common.Domain.Tests\E13.Common.Domain.Tests.csproj", "{1C96B136-221B-4BF9-8626-F14637A37555}"
EndProject
Project("{9A19103F-16F7-4668-BE54-9A1E7A4F7556}") = "E13.Common.RestEase", "src\E13.Common.RestEase\E13.Common.RestEase.csproj", "{49C0701B-30C1-4639-92F8-4F57A39FC885}"
EndProject
Project("{9A19103F-16F7-4668-BE54-9A1E7A4F7556}") = "E13.Common.Infra", "src\E13.Common.Infra\E13.Common.Infra.csproj", "{89586F6C-A8E1-4CE3-ABCA-41B5B8C71A55}"
EndProject
Project("{9A19103F-16F7-4668-BE54-9A1E7A4F7556}") = "E13.Common.AspNet", "src\E13.Common.AspNet\E13.Common.AspNet.csproj", "{EDCCDA61-46AD-4522-8650-CA764071958E}"
EndProject
Project("{9A19103F-16F7-4668-BE54-9A1E7A4F7556}") = "E13.Common.Data.Db", "src\E13.Common.Data.Db\E13.Common.Data.Db.csproj", "{A8E6C5A6-B6EA-4DFE-B704-F469F201D8C2}"
EndProject
Project("{9A19103F-16F7-4668-BE54-9A1E7A4F7556}") = "E13.Common.Api", "src\E13.Common.Api\E13.Common.Api.csproj", "{C01666E7-8DBB-47F6-9A4A-D508DF1DEE7A}"
EndProject
Project("{9A19103F-16F7-4668-BE54-9A1E7A4F7556}") = "E13.Common.Blazor", "src\E13.Common.Blazor\E13.Common.Blazor.csproj", "{81AD7496-3CA9-4CE0-8949-EF7EFCCDB028}"
EndProject
Project("{9A19103F-16F7-4668-BE54-9A1E7A4F7556}") = "E13.Common.Nunit.Api", "src\E13.Common.Nunit.Api\E13.Common.Nunit.Api.csproj", "{4158F688-4D23-409C-9F06-3D2B681DEAA2}"
EndProject
Project("{9A19103F-16F7-4668-BE54-9A1E7A4F7556}") = "E13.Common.Nunit.UI", "src\E13.Common.Nunit.UI\E13.Common.Nunit.UI.csproj", "{CED90442-77B8-4CFB-ADBC-D23C0A92750A}"
EndProject
Project("{9A19103F-16F7-4668-BE54-9A1E7A4F7556}") = "E13.Common.Api.AzureAD", "src\E13.Common.Api.AzureAD\E13.Common.Api.AzureAD.csproj", "{3A9E46CA-6D1A-4811-93DB-1D9C0193E135}"
EndProject
Project("{FAE04EC0-301F-11D3-BF4B-00C04F79EFBC}") = "E13.Common.Data.Db.Tests", "test\E13.Common.Data.Db.Tests\E13.Common.Data.Db.Tests.csproj", "{E57FB194-8742-4183-8FBF-0EDA6C09F4A6}"
EndProject
Global
	GlobalSection(SolutionConfigurationPlatforms) = preSolution
		Debug|Any CPU = Debug|Any CPU
		Release|Any CPU = Release|Any CPU
	EndGlobalSection
	GlobalSection(ProjectConfigurationPlatforms) = postSolution
		{12EF646B-00ED-4C6A-A6CF-D4C03DCFDD0A}.Debug|Any CPU.ActiveCfg = Debug|Any CPU
		{12EF646B-00ED-4C6A-A6CF-D4C03DCFDD0A}.Debug|Any CPU.Build.0 = Debug|Any CPU
		{12EF646B-00ED-4C6A-A6CF-D4C03DCFDD0A}.Release|Any CPU.ActiveCfg = Release|Any CPU
		{12EF646B-00ED-4C6A-A6CF-D4C03DCFDD0A}.Release|Any CPU.Build.0 = Release|Any CPU
		{C60CA223-5F6E-47BF-ACFE-66CD54F0D2DC}.Debug|Any CPU.ActiveCfg = Debug|Any CPU
		{C60CA223-5F6E-47BF-ACFE-66CD54F0D2DC}.Debug|Any CPU.Build.0 = Debug|Any CPU
		{C60CA223-5F6E-47BF-ACFE-66CD54F0D2DC}.Release|Any CPU.ActiveCfg = Release|Any CPU
		{C60CA223-5F6E-47BF-ACFE-66CD54F0D2DC}.Release|Any CPU.Build.0 = Release|Any CPU
		{9BE3CA07-7395-4085-9457-1A7F7937082C}.Debug|Any CPU.ActiveCfg = Debug|Any CPU
		{9BE3CA07-7395-4085-9457-1A7F7937082C}.Debug|Any CPU.Build.0 = Debug|Any CPU
		{9BE3CA07-7395-4085-9457-1A7F7937082C}.Release|Any CPU.ActiveCfg = Release|Any CPU
		{9BE3CA07-7395-4085-9457-1A7F7937082C}.Release|Any CPU.Build.0 = Release|Any CPU
		{C4E41E15-6FBB-4861-84E8-B3ECA206948C}.Debug|Any CPU.ActiveCfg = Debug|Any CPU
		{C4E41E15-6FBB-4861-84E8-B3ECA206948C}.Debug|Any CPU.Build.0 = Debug|Any CPU
		{C4E41E15-6FBB-4861-84E8-B3ECA206948C}.Release|Any CPU.ActiveCfg = Release|Any CPU
		{C4E41E15-6FBB-4861-84E8-B3ECA206948C}.Release|Any CPU.Build.0 = Release|Any CPU
		{5846560D-AF8F-4F48-B864-9F5CD7B1D2AE}.Debug|Any CPU.ActiveCfg = Debug|Any CPU
		{5846560D-AF8F-4F48-B864-9F5CD7B1D2AE}.Debug|Any CPU.Build.0 = Debug|Any CPU
		{5846560D-AF8F-4F48-B864-9F5CD7B1D2AE}.Release|Any CPU.ActiveCfg = Release|Any CPU
		{5846560D-AF8F-4F48-B864-9F5CD7B1D2AE}.Release|Any CPU.Build.0 = Release|Any CPU
		{1C96B136-221B-4BF9-8626-F14637A37555}.Debug|Any CPU.ActiveCfg = Debug|Any CPU
		{1C96B136-221B-4BF9-8626-F14637A37555}.Debug|Any CPU.Build.0 = Debug|Any CPU
		{1C96B136-221B-4BF9-8626-F14637A37555}.Release|Any CPU.ActiveCfg = Release|Any CPU
		{1C96B136-221B-4BF9-8626-F14637A37555}.Release|Any CPU.Build.0 = Release|Any CPU
		{49C0701B-30C1-4639-92F8-4F57A39FC885}.Debug|Any CPU.ActiveCfg = Debug|Any CPU
		{49C0701B-30C1-4639-92F8-4F57A39FC885}.Debug|Any CPU.Build.0 = Debug|Any CPU
		{49C0701B-30C1-4639-92F8-4F57A39FC885}.Release|Any CPU.ActiveCfg = Release|Any CPU
		{49C0701B-30C1-4639-92F8-4F57A39FC885}.Release|Any CPU.Build.0 = Release|Any CPU
		{89586F6C-A8E1-4CE3-ABCA-41B5B8C71A55}.Debug|Any CPU.ActiveCfg = Debug|Any CPU
		{89586F6C-A8E1-4CE3-ABCA-41B5B8C71A55}.Debug|Any CPU.Build.0 = Debug|Any CPU
		{89586F6C-A8E1-4CE3-ABCA-41B5B8C71A55}.Release|Any CPU.ActiveCfg = Release|Any CPU
		{89586F6C-A8E1-4CE3-ABCA-41B5B8C71A55}.Release|Any CPU.Build.0 = Release|Any CPU
		{EDCCDA61-46AD-4522-8650-CA764071958E}.Debug|Any CPU.ActiveCfg = Debug|Any CPU
		{EDCCDA61-46AD-4522-8650-CA764071958E}.Debug|Any CPU.Build.0 = Debug|Any CPU
		{EDCCDA61-46AD-4522-8650-CA764071958E}.Release|Any CPU.ActiveCfg = Release|Any CPU
		{EDCCDA61-46AD-4522-8650-CA764071958E}.Release|Any CPU.Build.0 = Release|Any CPU
		{A8E6C5A6-B6EA-4DFE-B704-F469F201D8C2}.Debug|Any CPU.ActiveCfg = Debug|Any CPU
		{A8E6C5A6-B6EA-4DFE-B704-F469F201D8C2}.Debug|Any CPU.Build.0 = Debug|Any CPU
		{A8E6C5A6-B6EA-4DFE-B704-F469F201D8C2}.Release|Any CPU.ActiveCfg = Release|Any CPU
		{A8E6C5A6-B6EA-4DFE-B704-F469F201D8C2}.Release|Any CPU.Build.0 = Release|Any CPU
		{C01666E7-8DBB-47F6-9A4A-D508DF1DEE7A}.Debug|Any CPU.ActiveCfg = Debug|Any CPU
		{C01666E7-8DBB-47F6-9A4A-D508DF1DEE7A}.Debug|Any CPU.Build.0 = Debug|Any CPU
		{C01666E7-8DBB-47F6-9A4A-D508DF1DEE7A}.Release|Any CPU.ActiveCfg = Release|Any CPU
		{C01666E7-8DBB-47F6-9A4A-D508DF1DEE7A}.Release|Any CPU.Build.0 = Release|Any CPU
		{81AD7496-3CA9-4CE0-8949-EF7EFCCDB028}.Debug|Any CPU.ActiveCfg = Debug|Any CPU
		{81AD7496-3CA9-4CE0-8949-EF7EFCCDB028}.Debug|Any CPU.Build.0 = Debug|Any CPU
		{81AD7496-3CA9-4CE0-8949-EF7EFCCDB028}.Release|Any CPU.ActiveCfg = Release|Any CPU
		{81AD7496-3CA9-4CE0-8949-EF7EFCCDB028}.Release|Any CPU.Build.0 = Release|Any CPU
		{4158F688-4D23-409C-9F06-3D2B681DEAA2}.Debug|Any CPU.ActiveCfg = Debug|Any CPU
		{4158F688-4D23-409C-9F06-3D2B681DEAA2}.Debug|Any CPU.Build.0 = Debug|Any CPU
		{4158F688-4D23-409C-9F06-3D2B681DEAA2}.Release|Any CPU.ActiveCfg = Release|Any CPU
		{4158F688-4D23-409C-9F06-3D2B681DEAA2}.Release|Any CPU.Build.0 = Release|Any CPU
		{CED90442-77B8-4CFB-ADBC-D23C0A92750A}.Debug|Any CPU.ActiveCfg = Debug|Any CPU
		{CED90442-77B8-4CFB-ADBC-D23C0A92750A}.Debug|Any CPU.Build.0 = Debug|Any CPU
		{CED90442-77B8-4CFB-ADBC-D23C0A92750A}.Release|Any CPU.ActiveCfg = Release|Any CPU
		{CED90442-77B8-4CFB-ADBC-D23C0A92750A}.Release|Any CPU.Build.0 = Release|Any CPU
		{3A9E46CA-6D1A-4811-93DB-1D9C0193E135}.Debug|Any CPU.ActiveCfg = Debug|Any CPU
		{3A9E46CA-6D1A-4811-93DB-1D9C0193E135}.Debug|Any CPU.Build.0 = Debug|Any CPU
		{3A9E46CA-6D1A-4811-93DB-1D9C0193E135}.Release|Any CPU.ActiveCfg = Release|Any CPU
		{3A9E46CA-6D1A-4811-93DB-1D9C0193E135}.Release|Any CPU.Build.0 = Release|Any CPU
		{E57FB194-8742-4183-8FBF-0EDA6C09F4A6}.Debug|Any CPU.ActiveCfg = Debug|Any CPU
		{E57FB194-8742-4183-8FBF-0EDA6C09F4A6}.Debug|Any CPU.Build.0 = Debug|Any CPU
		{E57FB194-8742-4183-8FBF-0EDA6C09F4A6}.Release|Any CPU.ActiveCfg = Release|Any CPU
		{E57FB194-8742-4183-8FBF-0EDA6C09F4A6}.Release|Any CPU.Build.0 = Release|Any CPU
	EndGlobalSection
	GlobalSection(SolutionProperties) = preSolution
		HideSolutionNode = FALSE
	EndGlobalSection
	GlobalSection(NestedProjects) = preSolution
		{C60CA223-5F6E-47BF-ACFE-66CD54F0D2DC} = {30D836B3-FF29-49DC-B503-94B8F9B6DC50}
		{C4E41E15-6FBB-4861-84E8-B3ECA206948C} = {30D836B3-FF29-49DC-B503-94B8F9B6DC50}
		{1C96B136-221B-4BF9-8626-F14637A37555} = {30D836B3-FF29-49DC-B503-94B8F9B6DC50}
		{E57FB194-8742-4183-8FBF-0EDA6C09F4A6} = {30D836B3-FF29-49DC-B503-94B8F9B6DC50}
	EndGlobalSection
	GlobalSection(ExtensibilityGlobals) = postSolution
		SolutionGuid = {86FB5264-87DD-494C-885E-05EA38F8DB19}
	EndGlobalSection
EndGlobal
