
Microsoft Visual Studio Solution File, Format Version 12.00
# Visual Studio Version 17
VisualStudioVersion = 17.13.35828.75
MinimumVisualStudioVersion = 10.0.40219.1
Project("{2150E333-8FDC-42A3-9474-1A3956D46DE8}") = "test", "test", "{30D836B3-FF29-49DC-B503-94B8F9B6DC50}"
EndProject
Project("{9A19103F-16F7-4668-BE54-9A1E7A4F7556}") = "E13.Common.Core", "src\E13.Common.Core\E13.Common.Core.csproj", "{FF9DFA0C-9FA5-48DB-8BDC-6B3EC1519B01}"
EndProject
Project("{9A19103F-16F7-4668-BE54-9A1E7A4F7556}") = "E13.Common.Core.Tests", "test\E13.Common.Core.Tests\E13.Common.Core.Tests.csproj", "{C60CA223-5F6E-47BF-ACFE-66CD54F0D2DC}"
EndProject
Project("{9A19103F-16F7-4668-BE54-9A1E7A4F7556}") = "E13.Common.Nunit", "src\E13.Common.Nunit\E13.Common.Nunit.csproj", "{B51D2805-F46C-4980-80CC-4A0E97E04717}"
EndProject
Project("{9A19103F-16F7-4668-BE54-9A1E7A4F7556}") = "E13.Common.Nunit.Tests", "test\E13.Common.Nunit.Tests\E13.Common.Nunit.Tests.csproj", "{C4E41E15-6FBB-4861-84E8-B3ECA206948C}"
EndProject
Project("{9A19103F-16F7-4668-BE54-9A1E7A4F7556}") = "E13.Common.Domain", "src\E13.Common.Domain\E13.Common.Domain.csproj", "{14FE7093-DA19-4880-9B69-5343C216ACCF}"
EndProject
Project("{9A19103F-16F7-4668-BE54-9A1E7A4F7556}") = "E13.Common.Domain.Tests", "test\E13.Common.Domain.Tests\E13.Common.Domain.Tests.csproj", "{1C96B136-221B-4BF9-8626-F14637A37555}"
EndProject
Project("{9A19103F-16F7-4668-BE54-9A1E7A4F7556}") = "E13.Common.RestEase", "src\E13.Common.RestEase\E13.Common.RestEase.csproj", "{FD232243-C963-44DA-ADF8-A9A241551015}"
EndProject
Project("{9A19103F-16F7-4668-BE54-9A1E7A4F7556}") = "E13.Common.AspNet", "src\E13.Common.AspNet\E13.Common.AspNet.csproj", "{F2BC1446-F50E-4535-836F-239BD0DE8A3A}"
EndProject
Project("{9A19103F-16F7-4668-BE54-9A1E7A4F7556}") = "E13.Common.Data.Db", "src\E13.Common.Data.Db\E13.Common.Data.Db.csproj", "{2EAFA9AE-F026-4BC5-845C-7D10193B942B}"
EndProject
Project("{9A19103F-16F7-4668-BE54-9A1E7A4F7556}") = "E13.Common.Api", "src\E13.Common.Api\E13.Common.Api.csproj", "{34192520-7740-4032-BF07-34E3074EFB03}"
EndProject
Project("{9A19103F-16F7-4668-BE54-9A1E7A4F7556}") = "E13.Common.Blazor", "src\E13.Common.Blazor\E13.Common.Blazor.csproj", "{4C38BA8B-CE88-4F9F-A791-78C5FA372857}"
EndProject
Project("{9A19103F-16F7-4668-BE54-9A1E7A4F7556}") = "E13.Common.Nunit.Api", "src\E13.Common.Nunit.Api\E13.Common.Nunit.Api.csproj", "{7FA4F4FC-AB7E-4760-BF58-2D28B439A0E6}"
EndProject
Project("{9A19103F-16F7-4668-BE54-9A1E7A4F7556}") = "E13.Common.Nunit.UI", "src\E13.Common.Nunit.UI\E13.Common.Nunit.UI.csproj", "{7C1485D7-D19A-4353-9B64-0E9E8C3771AA}"
EndProject
Project("{9A19103F-16F7-4668-BE54-9A1E7A4F7556}") = "E13.Common.Api.AzureAD", "src\E13.Common.Api.AzureAD\E13.Common.Api.AzureAD.csproj", "{A77B57D0-1675-4955-B499-6C29400263A7}"
EndProject
Project("{9A19103F-16F7-4668-BE54-9A1E7A4F7556}") = "E13.Common.Data.Db.Tests", "test\E13.Common.Data.Db.Tests\E13.Common.Data.Db.Tests.csproj", "{E57FB194-8742-4183-8FBF-0EDA6C09F4A6}"
EndProject
Project("{9A19103F-16F7-4668-BE54-9A1E7A4F7556}") = "E13.Common.Nunit.Api.TestsInt", "test\E13.Common.Nunit.Api.TestsInt\E13.Common.Nunit.Api.TestsInt.csproj", "{F05A8C35-D9A8-48C6-8709-9E009AEC84C1}"
EndProject
Project("{FAE04EC0-301F-11D3-BF4B-00C04F79EFBC}") = "E13.Common.Cli", "src\E13.Common.Cli\E13.Common.Cli.csproj", "{A96111A4-8348-4EB7-A7D7-8DDA857D7414}"
EndProject
Project("{2150E333-8FDC-42A3-9474-1A3956D46DE8}") = "src", "src", "{02EA681E-C7D8-13C7-8484-4AC65E1B71E8}"
EndProject
Global
	GlobalSection(SolutionConfigurationPlatforms) = preSolution
		Debug|Any CPU = Debug|Any CPU
		Release|Any CPU = Release|Any CPU
	EndGlobalSection
	GlobalSection(ProjectConfigurationPlatforms) = postSolution
		{FF9DFA0C-9FA5-48DB-8BDC-6B3EC1519B01}.Debug|Any CPU.ActiveCfg = Debug|Any CPU
		{FF9DFA0C-9FA5-48DB-8BDC-6B3EC1519B01}.Debug|Any CPU.Build.0 = Debug|Any CPU
		{FF9DFA0C-9FA5-48DB-8BDC-6B3EC1519B01}.Release|Any CPU.ActiveCfg = Release|Any CPU
		{FF9DFA0C-9FA5-48DB-8BDC-6B3EC1519B01}.Release|Any CPU.Build.0 = Release|Any CPU
		{C60CA223-5F6E-47BF-ACFE-66CD54F0D2DC}.Debug|Any CPU.ActiveCfg = Debug|Any CPU
		{C60CA223-5F6E-47BF-ACFE-66CD54F0D2DC}.Debug|Any CPU.Build.0 = Debug|Any CPU
		{C60CA223-5F6E-47BF-ACFE-66CD54F0D2DC}.Release|Any CPU.ActiveCfg = Release|Any CPU
		{C60CA223-5F6E-47BF-ACFE-66CD54F0D2DC}.Release|Any CPU.Build.0 = Release|Any CPU
		{B51D2805-F46C-4980-80CC-4A0E97E04717}.Debug|Any CPU.ActiveCfg = Debug|Any CPU
		{B51D2805-F46C-4980-80CC-4A0E97E04717}.Debug|Any CPU.Build.0 = Debug|Any CPU
		{B51D2805-F46C-4980-80CC-4A0E97E04717}.Release|Any CPU.ActiveCfg = Release|Any CPU
		{B51D2805-F46C-4980-80CC-4A0E97E04717}.Release|Any CPU.Build.0 = Release|Any CPU
		{C4E41E15-6FBB-4861-84E8-B3ECA206948C}.Debug|Any CPU.ActiveCfg = Debug|Any CPU
		{C4E41E15-6FBB-4861-84E8-B3ECA206948C}.Debug|Any CPU.Build.0 = Debug|Any CPU
		{C4E41E15-6FBB-4861-84E8-B3ECA206948C}.Release|Any CPU.ActiveCfg = Release|Any CPU
		{C4E41E15-6FBB-4861-84E8-B3ECA206948C}.Release|Any CPU.Build.0 = Release|Any CPU
		{14FE7093-DA19-4880-9B69-5343C216ACCF}.Debug|Any CPU.ActiveCfg = Debug|Any CPU
		{14FE7093-DA19-4880-9B69-5343C216ACCF}.Debug|Any CPU.Build.0 = Debug|Any CPU
		{14FE7093-DA19-4880-9B69-5343C216ACCF}.Release|Any CPU.ActiveCfg = Release|Any CPU
		{14FE7093-DA19-4880-9B69-5343C216ACCF}.Release|Any CPU.Build.0 = Release|Any CPU
		{1C96B136-221B-4BF9-8626-F14637A37555}.Debug|Any CPU.ActiveCfg = Debug|Any CPU
		{1C96B136-221B-4BF9-8626-F14637A37555}.Debug|Any CPU.Build.0 = Debug|Any CPU
		{1C96B136-221B-4BF9-8626-F14637A37555}.Release|Any CPU.ActiveCfg = Release|Any CPU
		{1C96B136-221B-4BF9-8626-F14637A37555}.Release|Any CPU.Build.0 = Release|Any CPU
		{FD232243-C963-44DA-ADF8-A9A241551015}.Debug|Any CPU.ActiveCfg = Debug|Any CPU
		{FD232243-C963-44DA-ADF8-A9A241551015}.Debug|Any CPU.Build.0 = Debug|Any CPU
		{FD232243-C963-44DA-ADF8-A9A241551015}.Release|Any CPU.ActiveCfg = Release|Any CPU
		{FD232243-C963-44DA-ADF8-A9A241551015}.Release|Any CPU.Build.0 = Release|Any CPU
		{F2BC1446-F50E-4535-836F-239BD0DE8A3A}.Debug|Any CPU.ActiveCfg = Debug|Any CPU
		{F2BC1446-F50E-4535-836F-239BD0DE8A3A}.Debug|Any CPU.Build.0 = Debug|Any CPU
		{F2BC1446-F50E-4535-836F-239BD0DE8A3A}.Release|Any CPU.ActiveCfg = Release|Any CPU
		{F2BC1446-F50E-4535-836F-239BD0DE8A3A}.Release|Any CPU.Build.0 = Release|Any CPU
		{2EAFA9AE-F026-4BC5-845C-7D10193B942B}.Debug|Any CPU.ActiveCfg = Debug|Any CPU
		{2EAFA9AE-F026-4BC5-845C-7D10193B942B}.Debug|Any CPU.Build.0 = Debug|Any CPU
		{2EAFA9AE-F026-4BC5-845C-7D10193B942B}.Release|Any CPU.ActiveCfg = Release|Any CPU
		{2EAFA9AE-F026-4BC5-845C-7D10193B942B}.Release|Any CPU.Build.0 = Release|Any CPU
		{34192520-7740-4032-BF07-34E3074EFB03}.Debug|Any CPU.ActiveCfg = Debug|Any CPU
		{34192520-7740-4032-BF07-34E3074EFB03}.Debug|Any CPU.Build.0 = Debug|Any CPU
		{34192520-7740-4032-BF07-34E3074EFB03}.Release|Any CPU.ActiveCfg = Release|Any CPU
		{34192520-7740-4032-BF07-34E3074EFB03}.Release|Any CPU.Build.0 = Release|Any CPU
		{4C38BA8B-CE88-4F9F-A791-78C5FA372857}.Debug|Any CPU.ActiveCfg = Debug|Any CPU
		{4C38BA8B-CE88-4F9F-A791-78C5FA372857}.Debug|Any CPU.Build.0 = Debug|Any CPU
		{4C38BA8B-CE88-4F9F-A791-78C5FA372857}.Release|Any CPU.ActiveCfg = Release|Any CPU
		{4C38BA8B-CE88-4F9F-A791-78C5FA372857}.Release|Any CPU.Build.0 = Release|Any CPU
		{7FA4F4FC-AB7E-4760-BF58-2D28B439A0E6}.Debug|Any CPU.ActiveCfg = Debug|Any CPU
		{7FA4F4FC-AB7E-4760-BF58-2D28B439A0E6}.Debug|Any CPU.Build.0 = Debug|Any CPU
		{7FA4F4FC-AB7E-4760-BF58-2D28B439A0E6}.Release|Any CPU.ActiveCfg = Release|Any CPU
		{7FA4F4FC-AB7E-4760-BF58-2D28B439A0E6}.Release|Any CPU.Build.0 = Release|Any CPU
		{7C1485D7-D19A-4353-9B64-0E9E8C3771AA}.Debug|Any CPU.ActiveCfg = Debug|Any CPU
		{7C1485D7-D19A-4353-9B64-0E9E8C3771AA}.Debug|Any CPU.Build.0 = Debug|Any CPU
		{7C1485D7-D19A-4353-9B64-0E9E8C3771AA}.Release|Any CPU.ActiveCfg = Release|Any CPU
		{7C1485D7-D19A-4353-9B64-0E9E8C3771AA}.Release|Any CPU.Build.0 = Release|Any CPU
		{A77B57D0-1675-4955-B499-6C29400263A7}.Debug|Any CPU.ActiveCfg = Debug|Any CPU
		{A77B57D0-1675-4955-B499-6C29400263A7}.Debug|Any CPU.Build.0 = Debug|Any CPU
		{A77B57D0-1675-4955-B499-6C29400263A7}.Release|Any CPU.ActiveCfg = Release|Any CPU
		{A77B57D0-1675-4955-B499-6C29400263A7}.Release|Any CPU.Build.0 = Release|Any CPU
		{E57FB194-8742-4183-8FBF-0EDA6C09F4A6}.Debug|Any CPU.ActiveCfg = Debug|Any CPU
		{E57FB194-8742-4183-8FBF-0EDA6C09F4A6}.Debug|Any CPU.Build.0 = Debug|Any CPU
		{E57FB194-8742-4183-8FBF-0EDA6C09F4A6}.Release|Any CPU.ActiveCfg = Release|Any CPU
		{E57FB194-8742-4183-8FBF-0EDA6C09F4A6}.Release|Any CPU.Build.0 = Release|Any CPU
		{F05A8C35-D9A8-48C6-8709-9E009AEC84C1}.Debug|Any CPU.ActiveCfg = Debug|Any CPU
		{F05A8C35-D9A8-48C6-8709-9E009AEC84C1}.Debug|Any CPU.Build.0 = Debug|Any CPU
		{F05A8C35-D9A8-48C6-8709-9E009AEC84C1}.Release|Any CPU.ActiveCfg = Release|Any CPU
		{F05A8C35-D9A8-48C6-8709-9E009AEC84C1}.Release|Any CPU.Build.0 = Release|Any CPU
		{A96111A4-8348-4EB7-A7D7-8DDA857D7414}.Debug|Any CPU.ActiveCfg = Debug|Any CPU
		{A96111A4-8348-4EB7-A7D7-8DDA857D7414}.Debug|Any CPU.Build.0 = Debug|Any CPU
		{A96111A4-8348-4EB7-A7D7-8DDA857D7414}.Release|Any CPU.ActiveCfg = Release|Any CPU
		{A96111A4-8348-4EB7-A7D7-8DDA857D7414}.Release|Any CPU.Build.0 = Release|Any CPU
	EndGlobalSection
	GlobalSection(SolutionProperties) = preSolution
		HideSolutionNode = FALSE
	EndGlobalSection
	GlobalSection(NestedProjects) = preSolution
		{FF9DFA0C-9FA5-48DB-8BDC-6B3EC1519B01} = {02EA681E-C7D8-13C7-8484-4AC65E1B71E8}
		{C60CA223-5F6E-47BF-ACFE-66CD54F0D2DC} = {30D836B3-FF29-49DC-B503-94B8F9B6DC50}
		{B51D2805-F46C-4980-80CC-4A0E97E04717} = {02EA681E-C7D8-13C7-8484-4AC65E1B71E8}
		{C4E41E15-6FBB-4861-84E8-B3ECA206948C} = {30D836B3-FF29-49DC-B503-94B8F9B6DC50}
		{14FE7093-DA19-4880-9B69-5343C216ACCF} = {02EA681E-C7D8-13C7-8484-4AC65E1B71E8}
		{1C96B136-221B-4BF9-8626-F14637A37555} = {30D836B3-FF29-49DC-B503-94B8F9B6DC50}
		{FD232243-C963-44DA-ADF8-A9A241551015} = {02EA681E-C7D8-13C7-8484-4AC65E1B71E8}
		{F2BC1446-F50E-4535-836F-239BD0DE8A3A} = {02EA681E-C7D8-13C7-8484-4AC65E1B71E8}
		{2EAFA9AE-F026-4BC5-845C-7D10193B942B} = {02EA681E-C7D8-13C7-8484-4AC65E1B71E8}
		{34192520-7740-4032-BF07-34E3074EFB03} = {02EA681E-C7D8-13C7-8484-4AC65E1B71E8}
		{4C38BA8B-CE88-4F9F-A791-78C5FA372857} = {02EA681E-C7D8-13C7-8484-4AC65E1B71E8}
		{7FA4F4FC-AB7E-4760-BF58-2D28B439A0E6} = {02EA681E-C7D8-13C7-8484-4AC65E1B71E8}
		{7C1485D7-D19A-4353-9B64-0E9E8C3771AA} = {02EA681E-C7D8-13C7-8484-4AC65E1B71E8}
		{A77B57D0-1675-4955-B499-6C29400263A7} = {02EA681E-C7D8-13C7-8484-4AC65E1B71E8}
		{E57FB194-8742-4183-8FBF-0EDA6C09F4A6} = {30D836B3-FF29-49DC-B503-94B8F9B6DC50}
		{F05A8C35-D9A8-48C6-8709-9E009AEC84C1} = {30D836B3-FF29-49DC-B503-94B8F9B6DC50}
		{A96111A4-8348-4EB7-A7D7-8DDA857D7414} = {02EA681E-C7D8-13C7-8484-4AC65E1B71E8}
	EndGlobalSection
	GlobalSection(ExtensibilityGlobals) = postSolution
		SolutionGuid = {86FB5264-87DD-494C-885E-05EA38F8DB19}
	EndGlobalSection
EndGlobal
